// !$*UTF8*$!
{
	archiveVersion = 1;
	classes = {
	};
	objectVersion = 50;
	objects = {

/* Begin PBXBuildFile section */
		FAD6492722FF11AD0093C2F0 /* AppDelegate.swift in Sources */ = {isa = PBXBuildFile; fileRef = FAD6492622FF11AD0093C2F0 /* AppDelegate.swift */; };
		FAD6492922FF11AD0093C2F0 /* ViewController.swift in Sources */ = {isa = PBXBuildFile; fileRef = FAD6492822FF11AD0093C2F0 /* ViewController.swift */; };
		FAD6492C22FF11AD0093C2F0 /* Main.storyboard in Resources */ = {isa = PBXBuildFile; fileRef = FAD6492A22FF11AD0093C2F0 /* Main.storyboard */; };
		FAD6492E22FF11AF0093C2F0 /* Assets.xcassets in Resources */ = {isa = PBXBuildFile; fileRef = FAD6492D22FF11AF0093C2F0 /* Assets.xcassets */; };
		FAD6493122FF11AF0093C2F0 /* LaunchScreen.storyboard in Resources */ = {isa = PBXBuildFile; fileRef = FAD6492F22FF11AF0093C2F0 /* LaunchScreen.storyboard */; };
		FAD6493A22FF121D0093C2F0 /* Login_Extension.swift in Sources */ = {isa = PBXBuildFile; fileRef = FAD6493922FF121D0093C2F0 /* Login_Extension.swift */; };
		FB847824C58FFE6E74E7DF73 /* Pods_Login_Extension.framework in Frameworks */ = {isa = PBXBuildFile; fileRef = E99D3F2B8D44EC8A4274CDB3 /* Pods_Login_Extension.framework */; };
/* End PBXBuildFile section */

/* Begin PBXFileReference section */
		3303FF5C1CEB6B5AFC5B3E1F /* Pods-Login_Extension.debug.xcconfig */ = {isa = PBXFileReference; includeInIndex = 1; lastKnownFileType = text.xcconfig; name = "Pods-Login_Extension.debug.xcconfig"; path = "Target Support Files/Pods-Login_Extension/Pods-Login_Extension.debug.xcconfig"; sourceTree = "<group>"; };
		7FC739F0690EDE8AF15195CD /* Pods-Login_Extension.release.xcconfig */ = {isa = PBXFileReference; includeInIndex = 1; lastKnownFileType = text.xcconfig; name = "Pods-Login_Extension.release.xcconfig"; path = "Target Support Files/Pods-Login_Extension/Pods-Login_Extension.release.xcconfig"; sourceTree = "<group>"; };
		E99D3F2B8D44EC8A4274CDB3 /* Pods_Login_Extension.framework */ = {isa = PBXFileReference; explicitFileType = wrapper.framework; includeInIndex = 0; path = Pods_Login_Extension.framework; sourceTree = BUILT_PRODUCTS_DIR; };
		FAD6492322FF11AD0093C2F0 /* Login_Extension.app */ = {isa = PBXFileReference; explicitFileType = wrapper.application; includeInIndex = 0; path = Login_Extension.app; sourceTree = BUILT_PRODUCTS_DIR; };
		FAD6492622FF11AD0093C2F0 /* AppDelegate.swift */ = {isa = PBXFileReference; lastKnownFileType = sourcecode.swift; path = AppDelegate.swift; sourceTree = "<group>"; };
		FAD6492822FF11AD0093C2F0 /* ViewController.swift */ = {isa = PBXFileReference; lastKnownFileType = sourcecode.swift; path = ViewController.swift; sourceTree = "<group>"; };
		FAD6492B22FF11AD0093C2F0 /* Base */ = {isa = PBXFileReference; lastKnownFileType = file.storyboard; name = Base; path = Base.lproj/Main.storyboard; sourceTree = "<group>"; };
		FAD6492D22FF11AF0093C2F0 /* Assets.xcassets */ = {isa = PBXFileReference; lastKnownFileType = folder.assetcatalog; path = Assets.xcassets; sourceTree = "<group>"; };
		FAD6493022FF11AF0093C2F0 /* Base */ = {isa = PBXFileReference; lastKnownFileType = file.storyboard; name = Base; path = Base.lproj/LaunchScreen.storyboard; sourceTree = "<group>"; };
		FAD6493222FF11AF0093C2F0 /* Info.plist */ = {isa = PBXFileReference; lastKnownFileType = text.plist.xml; path = Info.plist; sourceTree = "<group>"; };
		FAD6493922FF121D0093C2F0 /* Login_Extension.swift */ = {isa = PBXFileReference; lastKnownFileType = sourcecode.swift; path = Login_Extension.swift; sourceTree = "<group>"; };
/* End PBXFileReference section */

/* Begin PBXFrameworksBuildPhase section */
		FAD6492022FF11AD0093C2F0 /* Frameworks */ = {
			isa = PBXFrameworksBuildPhase;
			buildActionMask = 2147483647;
			files = (
				FB847824C58FFE6E74E7DF73 /* Pods_Login_Extension.framework in Frameworks */,
			);
			runOnlyForDeploymentPostprocessing = 0;
		};
/* End PBXFrameworksBuildPhase section */

/* Begin PBXGroup section */
		DCB78EFEA5457019B2CC434B /* Pods */ = {
			isa = PBXGroup;
			children = (
				3303FF5C1CEB6B5AFC5B3E1F /* Pods-Login_Extension.debug.xcconfig */,
				7FC739F0690EDE8AF15195CD /* Pods-Login_Extension.release.xcconfig */,
			);
			name = Pods;
			path = Pods;
			sourceTree = "<group>";
		};
		FAD6491A22FF11AD0093C2F0 = {
			isa = PBXGroup;
			children = (
				FAD6492522FF11AD0093C2F0 /* Login_Extension */,
				FAD6492422FF11AD0093C2F0 /* Products */,
				DCB78EFEA5457019B2CC434B /* Pods */,
				FF7E5783F98FF00322B3F863 /* Frameworks */,
			);
			sourceTree = "<group>";
		};
		FAD6492422FF11AD0093C2F0 /* Products */ = {
			isa = PBXGroup;
			children = (
				FAD6492322FF11AD0093C2F0 /* Login_Extension.app */,
			);
			name = Products;
			sourceTree = "<group>";
		};
		FAD6492522FF11AD0093C2F0 /* Login_Extension */ = {
			isa = PBXGroup;
			children = (
				FAD6493822FF120D0093C2F0 /* Login_Extension */,
				FAD6492622FF11AD0093C2F0 /* AppDelegate.swift */,
				FAD6492822FF11AD0093C2F0 /* ViewController.swift */,
				FAD6492A22FF11AD0093C2F0 /* Main.storyboard */,
				FAD6492D22FF11AF0093C2F0 /* Assets.xcassets */,
				FAD6492F22FF11AF0093C2F0 /* LaunchScreen.storyboard */,
				FAD6493222FF11AF0093C2F0 /* Info.plist */,
			);
			path = Login_Extension;
			sourceTree = "<group>";
		};
		FAD6493822FF120D0093C2F0 /* Login_Extension */ = {
			isa = PBXGroup;
			children = (
				FAD6493922FF121D0093C2F0 /* Login_Extension.swift */,
			);
			path = Login_Extension;
			sourceTree = "<group>";
		};
		FF7E5783F98FF00322B3F863 /* Frameworks */ = {
			isa = PBXGroup;
			children = (
				E99D3F2B8D44EC8A4274CDB3 /* Pods_Login_Extension.framework */,
			);
			name = Frameworks;
			sourceTree = "<group>";
		};
/* End PBXGroup section */

/* Begin PBXNativeTarget section */
		FAD6492222FF11AD0093C2F0 /* Login_Extension */ = {
			isa = PBXNativeTarget;
			buildConfigurationList = FAD6493522FF11AF0093C2F0 /* Build configuration list for PBXNativeTarget "Login_Extension" */;
			buildPhases = (
				AFD54AE5E2202C4213CBD3A8 /* [CP] Check Pods Manifest.lock */,
				FAD6491F22FF11AD0093C2F0 /* Sources */,
				FAD6492022FF11AD0093C2F0 /* Frameworks */,
				FAD6492122FF11AD0093C2F0 /* Resources */,
				68FE526BE8A1132452C5021F /* [CP] Embed Pods Frameworks */,
			);
			buildRules = (
			);
			dependencies = (
			);
			name = Login_Extension;
			productName = Login_Extension;
			productReference = FAD6492322FF11AD0093C2F0 /* Login_Extension.app */;
			productType = "com.apple.product-type.application";
		};
/* End PBXNativeTarget section */

/* Begin PBXProject section */
		FAD6491B22FF11AD0093C2F0 /* Project object */ = {
			isa = PBXProject;
			attributes = {
				LastSwiftUpdateCheck = 1020;
				LastUpgradeCheck = 1020;
				ORGANIZATIONNAME = Mr.Zhu;
				TargetAttributes = {
					FAD6492222FF11AD0093C2F0 = {
						CreatedOnToolsVersion = 10.2.1;
					};
				};
			};
			buildConfigurationList = FAD6491E22FF11AD0093C2F0 /* Build configuration list for PBXProject "Login_Extension" */;
			compatibilityVersion = "Xcode 9.3";
			developmentRegion = en;
			hasScannedForEncodings = 0;
			knownRegions = (
				en,
				Base,
			);
			mainGroup = FAD6491A22FF11AD0093C2F0;
			productRefGroup = FAD6492422FF11AD0093C2F0 /* Products */;
			projectDirPath = "";
			projectRoot = "";
			targets = (
				FAD6492222FF11AD0093C2F0 /* Login_Extension */,
			);
		};
/* End PBXProject section */

/* Begin PBXResourcesBuildPhase section */
		FAD6492122FF11AD0093C2F0 /* Resources */ = {
			isa = PBXResourcesBuildPhase;
			buildActionMask = 2147483647;
			files = (
				FAD6493122FF11AF0093C2F0 /* LaunchScreen.storyboard in Resources */,
				FAD6492E22FF11AF0093C2F0 /* Assets.xcassets in Resources */,
				FAD6492C22FF11AD0093C2F0 /* Main.storyboard in Resources */,
			);
			runOnlyForDeploymentPostprocessing = 0;
		};
/* End PBXResourcesBuildPhase section */

/* Begin PBXShellScriptBuildPhase section */
		68FE526BE8A1132452C5021F /* [CP] Embed Pods Frameworks */ = {
			isa = PBXShellScriptBuildPhase;
			buildActionMask = 2147483647;
			files = (
			);
			inputFileListPaths = (
				"${PODS_ROOT}/Target Support Files/Pods-Login_Extension/Pods-Login_Extension-frameworks-${CONFIGURATION}-input-files.xcfilelist",
			);
			name = "[CP] Embed Pods Frameworks";
			outputFileListPaths = (
				"${PODS_ROOT}/Target Support Files/Pods-Login_Extension/Pods-Login_Extension-frameworks-${CONFIGURATION}-output-files.xcfilelist",
			);
			runOnlyForDeploymentPostprocessing = 0;
			shellPath = /bin/sh;
			shellScript = "\"${PODS_ROOT}/Target Support Files/Pods-Login_Extension/Pods-Login_Extension-frameworks.sh\"\n";
			showEnvVarsInLog = 0;
		};
		AFD54AE5E2202C4213CBD3A8 /* [CP] Check Pods Manifest.lock */ = {
			isa = PBXShellScriptBuildPhase;
			buildActionMask = 2147483647;
			files = (
			);
			inputFileListPaths = (
			);
			inputPaths = (
				"${PODS_PODFILE_DIR_PATH}/Podfile.lock",
				"${PODS_ROOT}/Manifest.lock",
			);
			name = "[CP] Check Pods Manifest.lock";
			outputFileListPaths = (
			);
			outputPaths = (
				"$(DERIVED_FILE_DIR)/Pods-Login_Extension-checkManifestLockResult.txt",
			);
			runOnlyForDeploymentPostprocessing = 0;
			shellPath = /bin/sh;
			shellScript = "diff \"${PODS_PODFILE_DIR_PATH}/Podfile.lock\" \"${PODS_ROOT}/Manifest.lock\" > /dev/null\nif [ $? != 0 ] ; then\n    # print error to STDERR\n    echo \"error: The sandbox is not in sync with the Podfile.lock. Run 'pod install' or update your CocoaPods installation.\" >&2\n    exit 1\nfi\n# This output is used by Xcode 'outputs' to avoid re-running this script phase.\necho \"SUCCESS\" > \"${SCRIPT_OUTPUT_FILE_0}\"\n";
			showEnvVarsInLog = 0;
		};
/* End PBXShellScriptBuildPhase section */

/* Begin PBXSourcesBuildPhase section */
		FAD6491F22FF11AD0093C2F0 /* Sources */ = {
			isa = PBXSourcesBuildPhase;
			buildActionMask = 2147483647;
			files = (
				FAD6492922FF11AD0093C2F0 /* ViewController.swift in Sources */,
				FAD6493A22FF121D0093C2F0 /* Login_Extension.swift in Sources */,
				FAD6492722FF11AD0093C2F0 /* AppDelegate.swift in Sources */,
			);
			runOnlyForDeploymentPostprocessing = 0;
		};
/* End PBXSourcesBuildPhase section */

/* Begin PBXVariantGroup section */
		FAD6492A22FF11AD0093C2F0 /* Main.storyboard */ = {
			isa = PBXVariantGroup;
			children = (
				FAD6492B22FF11AD0093C2F0 /* Base */,
			);
			name = Main.storyboard;
			sourceTree = "<group>";
		};
		FAD6492F22FF11AF0093C2F0 /* LaunchScreen.storyboard */ = {
			isa = PBXVariantGroup;
			children = (
				FAD6493022FF11AF0093C2F0 /* Base */,
			);
			name = LaunchScreen.storyboard;
			sourceTree = "<group>";
		};
/* End PBXVariantGroup section */

/* Begin XCBuildConfiguration section */
		FAD6493322FF11AF0093C2F0 /* Debug */ = {
			isa = XCBuildConfiguration;
			buildSettings = {
				ALWAYS_SEARCH_USER_PATHS = NO;
				CLANG_ANALYZER_NONNULL = YES;
				CLANG_ANALYZER_NUMBER_OBJECT_CONVERSION = YES_AGGRESSIVE;
				CLANG_CXX_LANGUAGE_STANDARD = "gnu++14";
				CLANG_CXX_LIBRARY = "libc++";
				CLANG_ENABLE_MODULES = YES;
				CLANG_ENABLE_OBJC_ARC = YES;
				CLANG_ENABLE_OBJC_WEAK = YES;
				CLANG_WARN_BLOCK_CAPTURE_AUTORELEASING = YES;
				CLANG_WARN_BOOL_CONVERSION = YES;
				CLANG_WARN_COMMA = YES;
				CLANG_WARN_CONSTANT_CONVERSION = YES;
				CLANG_WARN_DEPRECATED_OBJC_IMPLEMENTATIONS = YES;
				CLANG_WARN_DIRECT_OBJC_ISA_USAGE = YES_ERROR;
				CLANG_WARN_DOCUMENTATION_COMMENTS = YES;
				CLANG_WARN_EMPTY_BODY = YES;
				CLANG_WARN_ENUM_CONVERSION = YES;
				CLANG_WARN_INFINITE_RECURSION = YES;
				CLANG_WARN_INT_CONVERSION = YES;
				CLANG_WARN_NON_LITERAL_NULL_CONVERSION = YES;
				CLANG_WARN_OBJC_IMPLICIT_RETAIN_SELF = YES;
				CLANG_WARN_OBJC_LITERAL_CONVERSION = YES;
				CLANG_WARN_OBJC_ROOT_CLASS = YES_ERROR;
				CLANG_WARN_RANGE_LOOP_ANALYSIS = YES;
				CLANG_WARN_STRICT_PROTOTYPES = YES;
				CLANG_WARN_SUSPICIOUS_MOVE = YES;
				CLANG_WARN_UNGUARDED_AVAILABILITY = YES_AGGRESSIVE;
				CLANG_WARN_UNREACHABLE_CODE = YES;
				CLANG_WARN__DUPLICATE_METHOD_MATCH = YES;
				CODE_SIGN_IDENTITY = "iPhone Developer";
				COPY_PHASE_STRIP = NO;
				DEBUG_INFORMATION_FORMAT = dwarf;
				ENABLE_STRICT_OBJC_MSGSEND = YES;
				ENABLE_TESTABILITY = YES;
				GCC_C_LANGUAGE_STANDARD = gnu11;
				GCC_DYNAMIC_NO_PIC = NO;
				GCC_NO_COMMON_BLOCKS = YES;
				GCC_OPTIMIZATION_LEVEL = 0;
				GCC_PREPROCESSOR_DEFINITIONS = (
					"DEBUG=1",
					"$(inherited)",
				);
				GCC_WARN_64_TO_32_BIT_CONVERSION = YES;
				GCC_WARN_ABOUT_RETURN_TYPE = YES_ERROR;
				GCC_WARN_UNDECLARED_SELECTOR = YES;
				GCC_WARN_UNINITIALIZED_AUTOS = YES_AGGRESSIVE;
				GCC_WARN_UNUSED_FUNCTION = YES;
				GCC_WARN_UNUSED_VARIABLE = YES;
				IPHONEOS_DEPLOYMENT_TARGET = 12.2;
				MTL_ENABLE_DEBUG_INFO = INCLUDE_SOURCE;
				MTL_FAST_MATH = YES;
				ONLY_ACTIVE_ARCH = YES;
				SDKROOT = iphoneos;
				SWIFT_ACTIVE_COMPILATION_CONDITIONS = DEBUG;
				SWIFT_OPTIMIZATION_LEVEL = "-Onone";
			};
			name = Debug;
		};
		FAD6493422FF11AF0093C2F0 /* Release */ = {
			isa = XCBuildConfiguration;
			buildSettings = {
				ALWAYS_SEARCH_USER_PATHS = NO;
				CLANG_ANALYZER_NONNULL = YES;
				CLANG_ANALYZER_NUMBER_OBJECT_CONVERSION = YES_AGGRESSIVE;
				CLANG_CXX_LANGUAGE_STANDARD = "gnu++14";
				CLANG_CXX_LIBRARY = "libc++";
				CLANG_ENABLE_MODULES = YES;
				CLANG_ENABLE_OBJC_ARC = YES;
				CLANG_ENABLE_OBJC_WEAK = YES;
				CLANG_WARN_BLOCK_CAPTURE_AUTORELEASING = YES;
				CLANG_WARN_BOOL_CONVERSION = YES;
				CLANG_WARN_COMMA = YES;
				CLANG_WARN_CONSTANT_CONVERSION = YES;
				CLANG_WARN_DEPRECATED_OBJC_IMPLEMENTATIONS = YES;
				CLANG_WARN_DIRECT_OBJC_ISA_USAGE = YES_ERROR;
				CLANG_WARN_DOCUMENTATION_COMMENTS = YES;
				CLANG_WARN_EMPTY_BODY = YES;
				CLANG_WARN_ENUM_CONVERSION = YES;
				CLANG_WARN_INFINITE_RECURSION = YES;
				CLANG_WARN_INT_CONVERSION = YES;
				CLANG_WARN_NON_LITERAL_NULL_CONVERSION = YES;
				CLANG_WARN_OBJC_IMPLICIT_RETAIN_SELF = YES;
				CLANG_WARN_OBJC_LITERAL_CONVERSION = YES;
				CLANG_WARN_OBJC_ROOT_CLASS = YES_ERROR;
				CLANG_WARN_RANGE_LOOP_ANALYSIS = YES;
				CLANG_WARN_STRICT_PROTOTYPES = YES;
				CLANG_WARN_SUSPICIOUS_MOVE = YES;
				CLANG_WARN_UNGUARDED_AVAILABILITY = YES_AGGRESSIVE;
				CLANG_WARN_UNREACHABLE_CODE = YES;
				CLANG_WARN__DUPLICATE_METHOD_MATCH = YES;
				CODE_SIGN_IDENTITY = "iPhone Developer";
				COPY_PHASE_STRIP = NO;
				DEBUG_INFORMATION_FORMAT = "dwarf-with-dsym";
				ENABLE_NS_ASSERTIONS = NO;
				ENABLE_STRICT_OBJC_MSGSEND = YES;
				GCC_C_LANGUAGE_STANDARD = gnu11;
				GCC_NO_COMMON_BLOCKS = YES;
				GCC_WARN_64_TO_32_BIT_CONVERSION = YES;
				GCC_WARN_ABOUT_RETURN_TYPE = YES_ERROR;
				GCC_WARN_UNDECLARED_SELECTOR = YES;
				GCC_WARN_UNINITIALIZED_AUTOS = YES_AGGRESSIVE;
				GCC_WARN_UNUSED_FUNCTION = YES;
				GCC_WARN_UNUSED_VARIABLE = YES;
				IPHONEOS_DEPLOYMENT_TARGET = 12.2;
				MTL_ENABLE_DEBUG_INFO = NO;
				MTL_FAST_MATH = YES;
				SDKROOT = iphoneos;
				SWIFT_COMPILATION_MODE = wholemodule;
				SWIFT_OPTIMIZATION_LEVEL = "-O";
				VALIDATE_PRODUCT = YES;
			};
			name = Release;
		};
		FAD6493622FF11AF0093C2F0 /* Debug */ = {
			isa = XCBuildConfiguration;
			baseConfigurationReference = 3303FF5C1CEB6B5AFC5B3E1F /* Pods-Login_Extension.debug.xcconfig */;
			buildSettings = {
				ASSETCATALOG_COMPILER_APPICON_NAME = AppIcon;
				CODE_SIGN_STYLE = Automatic;
				DEVELOPMENT_TEAM = ER8EZBS25Y;
				INFOPLIST_FILE = Login_Extension/Info.plist;
				LD_RUNPATH_SEARCH_PATHS = (
					"$(inherited)",
					"@executable_path/Frameworks",
				);
				PRODUCT_BUNDLE_IDENTIFIER = com.jt.zx.z;
				PRODUCT_NAME = "$(TARGET_NAME)";
				SWIFT_VERSION = 5.0;
				TARGETED_DEVICE_FAMILY = "1,2";
			};
			name = Debug;
		};
		FAD6493722FF11AF0093C2F0 /* Release */ = {
			isa = XCBuildConfiguration;
			baseConfigurationReference = 7FC739F0690EDE8AF15195CD /* Pods-Login_Extension.release.xcconfig */;
			buildSettings = {
				ASSETCATALOG_COMPILER_APPICON_NAME = AppIcon;
				CODE_SIGN_STYLE = Automatic;
				DEVELOPMENT_TEAM = ER8EZBS25Y;
				INFOPLIST_FILE = Login_Extension/Info.plist;
				LD_RUNPATH_SEARCH_PATHS = (
					"$(inherited)",
					"@executable_path/Frameworks",
				);
				PRODUCT_BUNDLE_IDENTIFIER = com.jt.zx.z;
				PRODUCT_NAME = "$(TARGET_NAME)";
				SWIFT_VERSION = 5.0;
				TARGETED_DEVICE_FAMILY = "1,2";
			};
			name = Release;
		};
/* End XCBuildConfiguration section */

/* Begin XCConfigurationList section */
		FAD6491E22FF11AD0093C2F0 /* Build configuration list for PBXProject "Login_Extension" */ = {
			isa = XCConfigurationList;
			buildConfigurations = (
				FAD6493322FF11AF0093C2F0 /* Debug */,
				FAD6493422FF11AF0093C2F0 /* Release */,
			);
			defaultConfigurationIsVisible = 0;
			defaultConfigurationName = Release;
		};
		FAD6493522FF11AF0093C2F0 /* Build configuration list for PBXNativeTarget "Login_Extension" */ = {
			isa = XCConfigurationList;
			buildConfigurations = (
				FAD6493622FF11AF0093C2F0 /* Debug */,
				FAD6493722FF11AF0093C2F0 /* Release */,
			);
			defaultConfigurationIsVisible = 0;
			defaultConfigurationName = Release;
		};
/* End XCConfigurationList section */
	};
	rootObject = FAD6491B22FF11AD0093C2F0 /* Project object */;
}
